// !$*UTF8*$!
{
	archiveVersion = 1;
	classes = {
	};
	objectVersion = 46;
	objects = {

/* Begin PBXBuildFile section */
		BF20DA0119992C6C00FD4B75 /* Main.storyboard in Resources */ = {isa = PBXBuildFile; fileRef = BF20DA0019992C6C00FD4B75 /* Main.storyboard */; };
		BF7D3D2319917584004C23DB /* FBViewController.swift in Sources */ = {isa = PBXBuildFile; fileRef = BF7D3D2219917584004C23DB /* FBViewController.swift */; };
		BF7D3D2519917D26004C23DB /* FacebookSDK.framework in Frameworks */ = {isa = PBXBuildFile; fileRef = BF7D3D2419917D26004C23DB /* FacebookSDK.framework */; };
		BF93B2B119759BF5007AE2CE /* YouWonViewController.swift in Sources */ = {isa = PBXBuildFile; fileRef = BF93B2B019759BF5007AE2CE /* YouWonViewController.swift */; };
		BFB09BD91992E31C00BD3BB8 /* GameKit.framework in Frameworks */ = {isa = PBXBuildFile; fileRef = BFB09BD81992E31C00BD3BB8 /* GameKit.framework */; };
		BFB687CB196C096800F34637 /* beep-02.wav in Resources */ = {isa = PBXBuildFile; fileRef = BFB687CA196C096800F34637 /* beep-02.wav */; };
		BFF4F22E196C391C000D3A63 /* button-4.wav in Resources */ = {isa = PBXBuildFile; fileRef = BFF4F22D196C391C000D3A63 /* button-4.wav */; };
		BFF6BB18196C459200118366 /* WahWah.wav in Resources */ = {isa = PBXBuildFile; fileRef = BFF6BB17196C459200118366 /* WahWah.wav */; };
		FC05E4CF1974ABE7002C9B7A /* LeaderboardViewController.swift in Sources */ = {isa = PBXBuildFile; fileRef = FC05E4CE1974ABE7002C9B7A /* LeaderboardViewController.swift */; };
		FC40150F1974612000B21748 /* Parse.framework in Frameworks */ = {isa = PBXBuildFile; fileRef = FC40150E1974612000B21748 /* Parse.framework */; };
		FC4015111974616B00B21748 /* AudioToolbox.framework in Frameworks */ = {isa = PBXBuildFile; fileRef = FC4015101974616B00B21748 /* AudioToolbox.framework */; };
		FC4015151974617E00B21748 /* CoreGraphics.framework in Frameworks */ = {isa = PBXBuildFile; fileRef = FC4015141974617E00B21748 /* CoreGraphics.framework */; };
		FC4015171974618C00B21748 /* CoreLocation.framework in Frameworks */ = {isa = PBXBuildFile; fileRef = FC4015161974618C00B21748 /* CoreLocation.framework */; };
		FC4015191974619A00B21748 /* libz.dylib in Frameworks */ = {isa = PBXBuildFile; fileRef = FC4015181974619A00B21748 /* libz.dylib */; };
		FC40151B197461A300B21748 /* MobileCoreServices.framework in Frameworks */ = {isa = PBXBuildFile; fileRef = FC40151A197461A300B21748 /* MobileCoreServices.framework */; };
		FC40151D197461AD00B21748 /* QuartzCore.framework in Frameworks */ = {isa = PBXBuildFile; fileRef = FC40151C197461AD00B21748 /* QuartzCore.framework */; };
		FC40151F197461B700B21748 /* Security.framework in Frameworks */ = {isa = PBXBuildFile; fileRef = FC40151E197461B700B21748 /* Security.framework */; };
		FC401523197461CC00B21748 /* SystemConfiguration.framework in Frameworks */ = {isa = PBXBuildFile; fileRef = FC401522197461CC00B21748 /* SystemConfiguration.framework */; };
		FC6FA2141992D344002B6971 /* Foundation.framework in Frameworks */ = {isa = PBXBuildFile; fileRef = FC6FA2131992D344002B6971 /* Foundation.framework */; };
		FC6FA2151992D34D002B6971 /* CFNetwork.framework in Frameworks */ = {isa = PBXBuildFile; fileRef = FC4015121974617300B21748 /* CFNetwork.framework */; settings = {ATTRIBUTES = (Weak, ); }; };
		FC6FA2171992D39C002B6971 /* UIKit.framework in Frameworks */ = {isa = PBXBuildFile; fileRef = FC6FA2161992D39C002B6971 /* UIKit.framework */; settings = {ATTRIBUTES = (Weak, ); }; };
		FC6FA2191992D432002B6971 /* AVFoundation.framework in Frameworks */ = {isa = PBXBuildFile; fileRef = FC6FA2181992D432002B6971 /* AVFoundation.framework */; settings = {ATTRIBUTES = (Weak, ); }; };
		FC7577F819A4B91D008FE329 /* Numbers.xcdatamodeld in Resources */ = {isa = PBXBuildFile; fileRef = FCC2B5A0195CAC9900FC83E4 /* Numbers.xcdatamodeld */; };
		FCC2B59F195CAC9900FC83E4 /* AppDelegate.swift in Sources */ = {isa = PBXBuildFile; fileRef = FCC2B59E195CAC9900FC83E4 /* AppDelegate.swift */; };
		FCC2B5A2195CAC9900FC83E4 /* Numbers.xcdatamodeld in Sources */ = {isa = PBXBuildFile; fileRef = FCC2B5A0195CAC9900FC83E4 /* Numbers.xcdatamodeld */; };
		FCC2B5A4195CAC9900FC83E4 /* ViewController.swift in Sources */ = {isa = PBXBuildFile; fileRef = FCC2B5A3195CAC9900FC83E4 /* ViewController.swift */; };
		FCC2B5A9195CAC9900FC83E4 /* Images.xcassets in Resources */ = {isa = PBXBuildFile; fileRef = FCC2B5A8195CAC9900FC83E4 /* Images.xcassets */; };
		FCC2B5B5195CAC9900FC83E4 /* NumbersTests.swift in Sources */ = {isa = PBXBuildFile; fileRef = FCC2B5B4195CAC9900FC83E4 /* NumbersTests.swift */; };
		FCC2B5BF195CAE0A00FC83E4 /* GameViewController.swift in Sources */ = {isa = PBXBuildFile; fileRef = FCC2B5BE195CAE0A00FC83E4 /* GameViewController.swift */; };
		FCC2B5C1195CAE8E00FC83E4 /* OptionsViewController.swift in Sources */ = {isa = PBXBuildFile; fileRef = FCC2B5C0195CAE8E00FC83E4 /* OptionsViewController.swift */; };
/* End PBXBuildFile section */

/* Begin PBXContainerItemProxy section */
		FCC2B5AF195CAC9900FC83E4 /* PBXContainerItemProxy */ = {
			isa = PBXContainerItemProxy;
			containerPortal = FCC2B591195CAC9900FC83E4 /* Project object */;
			proxyType = 1;
			remoteGlobalIDString = FCC2B598195CAC9900FC83E4;
			remoteInfo = Numbers;
		};
/* End PBXContainerItemProxy section */

/* Begin PBXFileReference section */
		BF20DA0019992C6C00FD4B75 /* Main.storyboard */ = {isa = PBXFileReference; fileEncoding = 4; lastKnownFileType = file.storyboard; path = Main.storyboard; sourceTree = "<group>"; };
		BF7D3D21199174CF004C23DB /* Bridging-Header.h */ = {isa = PBXFileReference; lastKnownFileType = sourcecode.c.h; path = "Bridging-Header.h"; sourceTree = "<group>"; };
		BF7D3D2219917584004C23DB /* FBViewController.swift */ = {isa = PBXFileReference; fileEncoding = 4; lastKnownFileType = sourcecode.swift; path = FBViewController.swift; sourceTree = "<group>"; };
		BF7D3D2419917D26004C23DB /* FacebookSDK.framework */ = {isa = PBXFileReference; lastKnownFileType = wrapper.framework; path = FacebookSDK.framework; sourceTree = "<group>"; };
		BF93B2B019759BF5007AE2CE /* YouWonViewController.swift */ = {isa = PBXFileReference; fileEncoding = 4; lastKnownFileType = sourcecode.swift; path = YouWonViewController.swift; sourceTree = "<group>"; };
		BFB09BD81992E31C00BD3BB8 /* GameKit.framework */ = {isa = PBXFileReference; lastKnownFileType = wrapper.framework; name = GameKit.framework; path = System/Library/Frameworks/GameKit.framework; sourceTree = SDKROOT; };
		BFB687CA196C096800F34637 /* beep-02.wav */ = {isa = PBXFileReference; lastKnownFileType = audio.wav; path = "beep-02.wav"; sourceTree = "<group>"; };
		BFF4F22D196C391C000D3A63 /* button-4.wav */ = {isa = PBXFileReference; lastKnownFileType = audio.wav; path = "button-4.wav"; sourceTree = "<group>"; };
		BFF6BB17196C459200118366 /* WahWah.wav */ = {isa = PBXFileReference; lastKnownFileType = audio.wav; path = WahWah.wav; sourceTree = "<group>"; };
		FC05E4CE1974ABE7002C9B7A /* LeaderboardViewController.swift */ = {isa = PBXFileReference; fileEncoding = 4; lastKnownFileType = sourcecode.swift; path = LeaderboardViewController.swift; sourceTree = "<group>"; };
		FC40150E1974612000B21748 /* Parse.framework */ = {isa = PBXFileReference; lastKnownFileType = wrapper.framework; path = Parse.framework; sourceTree = "<group>"; };
		FC4015101974616B00B21748 /* AudioToolbox.framework */ = {isa = PBXFileReference; lastKnownFileType = wrapper.framework; name = AudioToolbox.framework; path = System/Library/Frameworks/AudioToolbox.framework; sourceTree = SDKROOT; };
		FC4015121974617300B21748 /* CFNetwork.framework */ = {isa = PBXFileReference; lastKnownFileType = wrapper.framework; name = CFNetwork.framework; path = System/Library/Frameworks/CFNetwork.framework; sourceTree = SDKROOT; };
		FC4015141974617E00B21748 /* CoreGraphics.framework */ = {isa = PBXFileReference; lastKnownFileType = wrapper.framework; name = CoreGraphics.framework; path = System/Library/Frameworks/CoreGraphics.framework; sourceTree = SDKROOT; };
		FC4015161974618C00B21748 /* CoreLocation.framework */ = {isa = PBXFileReference; lastKnownFileType = wrapper.framework; name = CoreLocation.framework; path = System/Library/Frameworks/CoreLocation.framework; sourceTree = SDKROOT; };
		FC4015181974619A00B21748 /* libz.dylib */ = {isa = PBXFileReference; lastKnownFileType = "compiled.mach-o.dylib"; name = libz.dylib; path = usr/lib/libz.dylib; sourceTree = SDKROOT; };
		FC40151A197461A300B21748 /* MobileCoreServices.framework */ = {isa = PBXFileReference; lastKnownFileType = wrapper.framework; name = MobileCoreServices.framework; path = System/Library/Frameworks/MobileCoreServices.framework; sourceTree = SDKROOT; };
		FC40151C197461AD00B21748 /* QuartzCore.framework */ = {isa = PBXFileReference; lastKnownFileType = wrapper.framework; name = QuartzCore.framework; path = System/Library/Frameworks/QuartzCore.framework; sourceTree = SDKROOT; };
		FC40151E197461B700B21748 /* Security.framework */ = {isa = PBXFileReference; lastKnownFileType = wrapper.framework; name = Security.framework; path = System/Library/Frameworks/Security.framework; sourceTree = SDKROOT; };
		FC401522197461CC00B21748 /* SystemConfiguration.framework */ = {isa = PBXFileReference; lastKnownFileType = wrapper.framework; name = SystemConfiguration.framework; path = System/Library/Frameworks/SystemConfiguration.framework; sourceTree = SDKROOT; };
		FC401525197462AF00B21748 /* Numbers-Bridging-Header.h */ = {isa = PBXFileReference; lastKnownFileType = sourcecode.c.h; path = "Numbers-Bridging-Header.h"; sourceTree = "<group>"; };
		FC6FA2131992D344002B6971 /* Foundation.framework */ = {isa = PBXFileReference; lastKnownFileType = wrapper.framework; name = Foundation.framework; path = System/Library/Frameworks/Foundation.framework; sourceTree = SDKROOT; };
		FC6FA2161992D39C002B6971 /* UIKit.framework */ = {isa = PBXFileReference; lastKnownFileType = wrapper.framework; name = UIKit.framework; path = System/Library/Frameworks/UIKit.framework; sourceTree = SDKROOT; };
		FC6FA2181992D432002B6971 /* AVFoundation.framework */ = {isa = PBXFileReference; lastKnownFileType = wrapper.framework; name = AVFoundation.framework; path = System/Library/Frameworks/AVFoundation.framework; sourceTree = SDKROOT; };
		FCC2B599195CAC9900FC83E4 /* RandNumbers.app */ = {isa = PBXFileReference; explicitFileType = wrapper.application; includeInIndex = 0; path = RandNumbers.app; sourceTree = BUILT_PRODUCTS_DIR; };
		FCC2B59D195CAC9900FC83E4 /* Info.plist */ = {isa = PBXFileReference; lastKnownFileType = text.plist.xml; path = Info.plist; sourceTree = "<group>"; };
		FCC2B59E195CAC9900FC83E4 /* AppDelegate.swift */ = {isa = PBXFileReference; lastKnownFileType = sourcecode.swift; path = AppDelegate.swift; sourceTree = "<group>"; };
		FCC2B5A1195CAC9900FC83E4 /* Numbers.xcdatamodel */ = {isa = PBXFileReference; lastKnownFileType = wrapper.xcdatamodel; path = Numbers.xcdatamodel; sourceTree = "<group>"; };
		FCC2B5A3195CAC9900FC83E4 /* ViewController.swift */ = {isa = PBXFileReference; lastKnownFileType = sourcecode.swift; path = ViewController.swift; sourceTree = "<group>"; };
		FCC2B5A8195CAC9900FC83E4 /* Images.xcassets */ = {isa = PBXFileReference; lastKnownFileType = folder.assetcatalog; path = Images.xcassets; sourceTree = "<group>"; };
		FCC2B5AE195CAC9900FC83E4 /* RandNumbersTests.xctest */ = {isa = PBXFileReference; explicitFileType = wrapper.cfbundle; includeInIndex = 0; path = RandNumbersTests.xctest; sourceTree = BUILT_PRODUCTS_DIR; };
		FCC2B5B3195CAC9900FC83E4 /* Info.plist */ = {isa = PBXFileReference; lastKnownFileType = text.plist.xml; path = Info.plist; sourceTree = "<group>"; };
		FCC2B5B4195CAC9900FC83E4 /* NumbersTests.swift */ = {isa = PBXFileReference; lastKnownFileType = sourcecode.swift; path = NumbersTests.swift; sourceTree = "<group>"; };
		FCC2B5BE195CAE0A00FC83E4 /* GameViewController.swift */ = {isa = PBXFileReference; fileEncoding = 4; lastKnownFileType = sourcecode.swift; path = GameViewController.swift; sourceTree = "<group>"; };
		FCC2B5C0195CAE8E00FC83E4 /* OptionsViewController.swift */ = {isa = PBXFileReference; fileEncoding = 4; lastKnownFileType = sourcecode.swift; path = OptionsViewController.swift; sourceTree = "<group>"; };
/* End PBXFileReference section */

/* Begin PBXFrameworksBuildPhase section */
		FCC2B596195CAC9900FC83E4 /* Frameworks */ = {
			isa = PBXFrameworksBuildPhase;
			buildActionMask = 2147483647;
			files = (
				FC6FA2191992D432002B6971 /* AVFoundation.framework in Frameworks */,
				FC6FA2171992D39C002B6971 /* UIKit.framework in Frameworks */,
				FC6FA2151992D34D002B6971 /* CFNetwork.framework in Frameworks */,
				FC6FA2141992D344002B6971 /* Foundation.framework in Frameworks */,
				FC401523197461CC00B21748 /* SystemConfiguration.framework in Frameworks */,
				FC40151F197461B700B21748 /* Security.framework in Frameworks */,
				FC40151D197461AD00B21748 /* QuartzCore.framework in Frameworks */,
				FC40151B197461A300B21748 /* MobileCoreServices.framework in Frameworks */,
				BF7D3D2519917D26004C23DB /* FacebookSDK.framework in Frameworks */,
				FC4015191974619A00B21748 /* libz.dylib in Frameworks */,
				FC4015171974618C00B21748 /* CoreLocation.framework in Frameworks */,
				FC4015151974617E00B21748 /* CoreGraphics.framework in Frameworks */,
				FC4015111974616B00B21748 /* AudioToolbox.framework in Frameworks */,
				FC40150F1974612000B21748 /* Parse.framework in Frameworks */,
				BFB09BD91992E31C00BD3BB8 /* GameKit.framework in Frameworks */,
			);
			runOnlyForDeploymentPostprocessing = 0;
		};
		FCC2B5AB195CAC9900FC83E4 /* Frameworks */ = {
			isa = PBXFrameworksBuildPhase;
			buildActionMask = 2147483647;
			files = (
			);
			runOnlyForDeploymentPostprocessing = 0;
		};
/* End PBXFrameworksBuildPhase section */

/* Begin PBXGroup section */
		FC401524197461E500B21748 /* Frameworks */ = {
			isa = PBXGroup;
			children = (
				BFB09BD81992E31C00BD3BB8 /* GameKit.framework */,
				FC6FA2181992D432002B6971 /* AVFoundation.framework */,
				FC6FA2161992D39C002B6971 /* UIKit.framework */,
				FC6FA2131992D344002B6971 /* Foundation.framework */,
				BF7D3D2419917D26004C23DB /* FacebookSDK.framework */,
				FC401522197461CC00B21748 /* SystemConfiguration.framework */,
				FC40151E197461B700B21748 /* Security.framework */,
				FC40151C197461AD00B21748 /* QuartzCore.framework */,
				FC40151A197461A300B21748 /* MobileCoreServices.framework */,
				FC4015181974619A00B21748 /* libz.dylib */,
				FC4015161974618C00B21748 /* CoreLocation.framework */,
				FC4015141974617E00B21748 /* CoreGraphics.framework */,
				FC4015121974617300B21748 /* CFNetwork.framework */,
				FC4015101974616B00B21748 /* AudioToolbox.framework */,
				FC40150E1974612000B21748 /* Parse.framework */,
			);
			name = Frameworks;
			sourceTree = "<group>";
		};
		FCB26135195CC2E9003C6DB5 /* Images */ = {
			isa = PBXGroup;
			children = (
			);
			name = Images;
			sourceTree = "<group>";
		};
		FCC2B590195CAC9900FC83E4 = {
			isa = PBXGroup;
			children = (
				FC401524197461E500B21748 /* Frameworks */,
				FCC2B59B195CAC9900FC83E4 /* RandNumbers */,
				FCC2B5B1195CAC9900FC83E4 /* RandNumbersTests */,
				FCC2B59A195CAC9900FC83E4 /* Products */,
				FC401525197462AF00B21748 /* Numbers-Bridging-Header.h */,
			);
			sourceTree = "<group>";
		};
		FCC2B59A195CAC9900FC83E4 /* Products */ = {
			isa = PBXGroup;
			children = (
				FCC2B599195CAC9900FC83E4 /* RandNumbers.app */,
				FCC2B5AE195CAC9900FC83E4 /* RandNumbersTests.xctest */,
			);
			name = Products;
			sourceTree = "<group>";
		};
		FCC2B59B195CAC9900FC83E4 /* RandNumbers */ = {
			isa = PBXGroup;
			children = (
				BF20DA0019992C6C00FD4B75 /* Main.storyboard */,
				FCC2B59E195CAC9900FC83E4 /* AppDelegate.swift */,
				BF7D3D2219917584004C23DB /* FBViewController.swift */,
				BF93B2B019759BF5007AE2CE /* YouWonViewController.swift */,
				FCC2B5A3195CAC9900FC83E4 /* ViewController.swift */,
				FCC2B5BE195CAE0A00FC83E4 /* GameViewController.swift */,
				FCC2B5C0195CAE8E00FC83E4 /* OptionsViewController.swift */,
				FC05E4CE1974ABE7002C9B7A /* LeaderboardViewController.swift */,
				BF7D3D21199174CF004C23DB /* Bridging-Header.h */,
				FCB26135195CC2E9003C6DB5 /* Images */,
				FCC2B5A8195CAC9900FC83E4 /* Images.xcassets */,
				FCC2B5A0195CAC9900FC83E4 /* Numbers.xcdatamodeld */,
				FCC2B59C195CAC9900FC83E4 /* Supporting Files */,
			);
			name = RandNumbers;
			path = Numbers;
			sourceTree = "<group>";
		};
		FCC2B59C195CAC9900FC83E4 /* Supporting Files */ = {
			isa = PBXGroup;
			children = (
				BFF6BB17196C459200118366 /* WahWah.wav */,
				BFB687CA196C096800F34637 /* beep-02.wav */,
				BFF4F22D196C391C000D3A63 /* button-4.wav */,
				FCC2B59D195CAC9900FC83E4 /* Info.plist */,
			);
			name = "Supporting Files";
			sourceTree = "<group>";
		};
		FCC2B5B1195CAC9900FC83E4 /* RandNumbersTests */ = {
			isa = PBXGroup;
			children = (
				FCC2B5B4195CAC9900FC83E4 /* NumbersTests.swift */,
				FCC2B5B2195CAC9900FC83E4 /* Supporting Files */,
			);
			name = RandNumbersTests;
			path = NumbersTests;
			sourceTree = "<group>";
		};
		FCC2B5B2195CAC9900FC83E4 /* Supporting Files */ = {
			isa = PBXGroup;
			children = (
				FCC2B5B3195CAC9900FC83E4 /* Info.plist */,
			);
			name = "Supporting Files";
			sourceTree = "<group>";
		};
/* End PBXGroup section */

/* Begin PBXNativeTarget section */
		FCC2B598195CAC9900FC83E4 /* RandNumbers */ = {
			isa = PBXNativeTarget;
			buildConfigurationList = FCC2B5B8195CAC9900FC83E4 /* Build configuration list for PBXNativeTarget "RandNumbers" */;
			buildPhases = (
				FCC2B595195CAC9900FC83E4 /* Sources */,
				FCC2B596195CAC9900FC83E4 /* Frameworks */,
				FCC2B597195CAC9900FC83E4 /* Resources */,
			);
			buildRules = (
			);
			dependencies = (
			);
			name = RandNumbers;
			productName = Numbers;
			productReference = FCC2B599195CAC9900FC83E4 /* RandNumbers.app */;
			productType = "com.apple.product-type.application";
		};
		FCC2B5AD195CAC9900FC83E4 /* RandNumbersTests */ = {
			isa = PBXNativeTarget;
			buildConfigurationList = FCC2B5BB195CAC9900FC83E4 /* Build configuration list for PBXNativeTarget "RandNumbersTests" */;
			buildPhases = (
				FCC2B5AA195CAC9900FC83E4 /* Sources */,
				FCC2B5AB195CAC9900FC83E4 /* Frameworks */,
				FCC2B5AC195CAC9900FC83E4 /* Resources */,
			);
			buildRules = (
			);
			dependencies = (
				FCC2B5B0195CAC9900FC83E4 /* PBXTargetDependency */,
			);
			name = RandNumbersTests;
			productName = NumbersTests;
			productReference = FCC2B5AE195CAC9900FC83E4 /* RandNumbersTests.xctest */;
			productType = "com.apple.product-type.bundle.unit-test";
		};
/* End PBXNativeTarget section */

/* Begin PBXProject section */
		FCC2B591195CAC9900FC83E4 /* Project object */ = {
			isa = PBXProject;
			attributes = {
				LastUpgradeCheck = 0600;
				ORGANIZATIONNAME = "Gustavo Arthur da Costa";
				TargetAttributes = {
					FCC2B598195CAC9900FC83E4 = {
						CreatedOnToolsVersion = 6.0;
						DevelopmentTeam = 5H4D3TN267;
						SystemCapabilities = {
							com.apple.GameCenter = {
								enabled = 1;
							};
							com.apple.InAppPurchase = {
								enabled = 0;
							};
						};
					};
					FCC2B5AD195CAC9900FC83E4 = {
						CreatedOnToolsVersion = 6.0;
						TestTargetID = FCC2B598195CAC9900FC83E4;
					};
				};
			};
			buildConfigurationList = FCC2B594195CAC9900FC83E4 /* Build configuration list for PBXProject "RandNumbers" */;
			compatibilityVersion = "Xcode 3.2";
			developmentRegion = English;
			hasScannedForEncodings = 0;
			knownRegions = (
				en,
				Base,
			);
			mainGroup = FCC2B590195CAC9900FC83E4;
			productRefGroup = FCC2B59A195CAC9900FC83E4 /* Products */;
			projectDirPath = "";
			projectRoot = "";
			targets = (
				FCC2B598195CAC9900FC83E4 /* RandNumbers */,
				FCC2B5AD195CAC9900FC83E4 /* RandNumbersTests */,
			);
		};
/* End PBXProject section */

/* Begin PBXResourcesBuildPhase section */
		FCC2B597195CAC9900FC83E4 /* Resources */ = {
			isa = PBXResourcesBuildPhase;
			buildActionMask = 2147483647;
			files = (
				FC7577F819A4B91D008FE329 /* Numbers.xcdatamodeld in Resources */,
				BFF6BB18196C459200118366 /* WahWah.wav in Resources */,
				BF20DA0119992C6C00FD4B75 /* Main.storyboard in Resources */,
				FCC2B5A9195CAC9900FC83E4 /* Images.xcassets in Resources */,
				BFB687CB196C096800F34637 /* beep-02.wav in Resources */,
				BFF4F22E196C391C000D3A63 /* button-4.wav in Resources */,
			);
			runOnlyForDeploymentPostprocessing = 0;
		};
		FCC2B5AC195CAC9900FC83E4 /* Resources */ = {
			isa = PBXResourcesBuildPhase;
			buildActionMask = 2147483647;
			files = (
			);
			runOnlyForDeploymentPostprocessing = 0;
		};
/* End PBXResourcesBuildPhase section */

/* Begin PBXSourcesBuildPhase section */
		FCC2B595195CAC9900FC83E4 /* Sources */ = {
			isa = PBXSourcesBuildPhase;
			buildActionMask = 2147483647;
			files = (
				BF7D3D2319917584004C23DB /* FBViewController.swift in Sources */,
				FCC2B5BF195CAE0A00FC83E4 /* GameViewController.swift in Sources */,
				FCC2B5A4195CAC9900FC83E4 /* ViewController.swift in Sources */,
				BF93B2B119759BF5007AE2CE /* YouWonViewController.swift in Sources */,
				FCC2B5A2195CAC9900FC83E4 /* Numbers.xcdatamodeld in Sources */,
				FCC2B59F195CAC9900FC83E4 /* AppDelegate.swift in Sources */,
				FC05E4CF1974ABE7002C9B7A /* LeaderboardViewController.swift in Sources */,
				FCC2B5C1195CAE8E00FC83E4 /* OptionsViewController.swift in Sources */,
			);
			runOnlyForDeploymentPostprocessing = 0;
		};
		FCC2B5AA195CAC9900FC83E4 /* Sources */ = {
			isa = PBXSourcesBuildPhase;
			buildActionMask = 2147483647;
			files = (
				FCC2B5B5195CAC9900FC83E4 /* NumbersTests.swift in Sources */,
			);
			runOnlyForDeploymentPostprocessing = 0;
		};
/* End PBXSourcesBuildPhase section */

/* Begin PBXTargetDependency section */
		FCC2B5B0195CAC9900FC83E4 /* PBXTargetDependency */ = {
			isa = PBXTargetDependency;
			target = FCC2B598195CAC9900FC83E4 /* RandNumbers */;
			targetProxy = FCC2B5AF195CAC9900FC83E4 /* PBXContainerItemProxy */;
		};
/* End PBXTargetDependency section */

/* Begin XCBuildConfiguration section */
		FCC2B5B6195CAC9900FC83E4 /* Debug */ = {
			isa = XCBuildConfiguration;
			buildSettings = {
				ALWAYS_SEARCH_USER_PATHS = NO;
				CLANG_CXX_LANGUAGE_STANDARD = "gnu++0x";
				CLANG_CXX_LIBRARY = "libc++";
				CLANG_ENABLE_MODULES = YES;
				CLANG_ENABLE_OBJC_ARC = YES;
				CLANG_WARN_BOOL_CONVERSION = YES;
				CLANG_WARN_CONSTANT_CONVERSION = YES;
				CLANG_WARN_DIRECT_OBJC_ISA_USAGE = YES_ERROR;
				CLANG_WARN_EMPTY_BODY = YES;
				CLANG_WARN_ENUM_CONVERSION = YES;
				CLANG_WARN_INT_CONVERSION = YES;
				CLANG_WARN_OBJC_ROOT_CLASS = YES_ERROR;
				CLANG_WARN_UNREACHABLE_CODE = YES;
				CLANG_WARN__DUPLICATE_METHOD_MATCH = YES;
				"CODE_SIGN_IDENTITY[sdk=iphoneos*]" = "iPhone Developer";
				COPY_PHASE_STRIP = NO;
				ENABLE_STRICT_OBJC_MSGSEND = YES;
				GCC_C_LANGUAGE_STANDARD = gnu99;
				GCC_DYNAMIC_NO_PIC = NO;
				GCC_OPTIMIZATION_LEVEL = 0;
				GCC_PREPROCESSOR_DEFINITIONS = (
					"DEBUG=1",
					"$(inherited)",
				);
				GCC_SYMBOLS_PRIVATE_EXTERN = NO;
				GCC_WARN_64_TO_32_BIT_CONVERSION = YES;
				GCC_WARN_ABOUT_RETURN_TYPE = YES_ERROR;
				GCC_WARN_UNDECLARED_SELECTOR = YES;
				GCC_WARN_UNINITIALIZED_AUTOS = YES_AGGRESSIVE;
				GCC_WARN_UNUSED_FUNCTION = YES;
				GCC_WARN_UNUSED_VARIABLE = YES;
				IPHONEOS_DEPLOYMENT_TARGET = 8.0;
				METAL_ENABLE_DEBUG_INFO = YES;
				ONLY_ACTIVE_ARCH = YES;
				SDKROOT = iphoneos;
				SWIFT_OPTIMIZATION_LEVEL = "-Onone";
			};
			name = Debug;
		};
		FCC2B5B7195CAC9900FC83E4 /* Release */ = {
			isa = XCBuildConfiguration;
			buildSettings = {
				ALWAYS_SEARCH_USER_PATHS = NO;
				CLANG_CXX_LANGUAGE_STANDARD = "gnu++0x";
				CLANG_CXX_LIBRARY = "libc++";
				CLANG_ENABLE_MODULES = YES;
				CLANG_ENABLE_OBJC_ARC = YES;
				CLANG_WARN_BOOL_CONVERSION = YES;
				CLANG_WARN_CONSTANT_CONVERSION = YES;
				CLANG_WARN_DIRECT_OBJC_ISA_USAGE = YES_ERROR;
				CLANG_WARN_EMPTY_BODY = YES;
				CLANG_WARN_ENUM_CONVERSION = YES;
				CLANG_WARN_INT_CONVERSION = YES;
				CLANG_WARN_OBJC_ROOT_CLASS = YES_ERROR;
				CLANG_WARN_UNREACHABLE_CODE = YES;
				CLANG_WARN__DUPLICATE_METHOD_MATCH = YES;
				"CODE_SIGN_IDENTITY[sdk=iphoneos*]" = "iPhone Developer";
				COPY_PHASE_STRIP = YES;
				ENABLE_NS_ASSERTIONS = NO;
				ENABLE_STRICT_OBJC_MSGSEND = YES;
				GCC_C_LANGUAGE_STANDARD = gnu99;
				GCC_WARN_64_TO_32_BIT_CONVERSION = YES;
				GCC_WARN_ABOUT_RETURN_TYPE = YES_ERROR;
				GCC_WARN_UNDECLARED_SELECTOR = YES;
				GCC_WARN_UNINITIALIZED_AUTOS = YES_AGGRESSIVE;
				GCC_WARN_UNUSED_FUNCTION = YES;
				GCC_WARN_UNUSED_VARIABLE = YES;
				IPHONEOS_DEPLOYMENT_TARGET = 8.0;
				METAL_ENABLE_DEBUG_INFO = NO;
				SDKROOT = iphoneos;
				VALIDATE_PRODUCT = YES;
			};
			name = Release;
		};
		FCC2B5B9195CAC9900FC83E4 /* Debug */ = {
			isa = XCBuildConfiguration;
			buildSettings = {
				ASSETCATALOG_COMPILER_APPICON_NAME = AppIcon;
				ASSETCATALOG_COMPILER_LAUNCHIMAGE_NAME = LaunchImage;
				CLANG_ENABLE_MODULES = YES;
				CODE_SIGN_IDENTITY = "iPhone Developer";
				"CODE_SIGN_IDENTITY[sdk=iphoneos*]" = "iPhone Developer";
				FRAMEWORK_SEARCH_PATHS = (
					"$(inherited)",
					"$(PROJECT_DIR)",
				);
				INFOPLIST_FILE = Numbers/Info.plist;
				IPHONEOS_DEPLOYMENT_TARGET = 7.0;
				LD_RUNPATH_SEARCH_PATHS = "$(inherited) @executable_path/Frameworks";
				PRODUCT_NAME = RandNumbers;
				PROVISIONING_PROFILE = "B743EA3C-4840-42EC-B538-7E04BF6FB824";
				SWIFT_OBJC_BRIDGING_HEADER = "Numbers/Bridging-Header.h";
				SWIFT_OPTIMIZATION_LEVEL = "-Onone";
			};
			name = Debug;
		};
		FCC2B5BA195CAC9900FC83E4 /* Release */ = {
			isa = XCBuildConfiguration;
			buildSettings = {
				ASSETCATALOG_COMPILER_APPICON_NAME = AppIcon;
				ASSETCATALOG_COMPILER_LAUNCHIMAGE_NAME = LaunchImage;
				CLANG_ENABLE_MODULES = YES;
				CODE_SIGN_IDENTITY = "iPhone Developer";
				"CODE_SIGN_IDENTITY[sdk=iphoneos*]" = "iPhone Developer";
				FRAMEWORK_SEARCH_PATHS = (
					"$(inherited)",
					"$(PROJECT_DIR)",
				);
				INFOPLIST_FILE = Numbers/Info.plist;
				IPHONEOS_DEPLOYMENT_TARGET = 7.0;
				LD_RUNPATH_SEARCH_PATHS = "$(inherited) @executable_path/Frameworks";
				PRODUCT_NAME = RandNumbers;
				PROVISIONING_PROFILE = "B743EA3C-4840-42EC-B538-7E04BF6FB824";
				SWIFT_OBJC_BRIDGING_HEADER = "Numbers/Bridging-Header.h";
			};
			name = Release;
		};
		FCC2B5BC195CAC9900FC83E4 /* Debug */ = {
			isa = XCBuildConfiguration;
			buildSettings = {
				BUNDLE_LOADER = "$(BUILT_PRODUCTS_DIR)/Numbers.app/Numbers";
				FRAMEWORK_SEARCH_PATHS = (
					"$(SDKROOT)/Developer/Library/Frameworks",
					"$(inherited)",
				);
				GCC_PREPROCESSOR_DEFINITIONS = (
					"DEBUG=1",
					"$(inherited)",
				);
				INFOPLIST_FILE = NumbersTests/Info.plist;
				LD_RUNPATH_SEARCH_PATHS = "$(inherited) @executable_path/Frameworks @loader_path/Frameworks";
				METAL_ENABLE_DEBUG_INFO = YES;
				PRODUCT_NAME = RandNumbersTests;
				TEST_HOST = "$(BUNDLE_LOADER)";
			};
			name = Debug;
		};
		FCC2B5BD195CAC9900FC83E4 /* Release */ = {
			isa = XCBuildConfiguration;
			buildSettings = {
				BUNDLE_LOADER = "$(BUILT_PRODUCTS_DIR)/Numbers.app/Numbers";
				FRAMEWORK_SEARCH_PATHS = (
					"$(SDKROOT)/Developer/Library/Frameworks",
					"$(inherited)",
				);
				INFOPLIST_FILE = NumbersTests/Info.plist;
				LD_RUNPATH_SEARCH_PATHS = "$(inherited) @executable_path/Frameworks @loader_path/Frameworks";
				METAL_ENABLE_DEBUG_INFO = NO;
				PRODUCT_NAME = RandNumbersTests;
				TEST_HOST = "$(BUNDLE_LOADER)";
			};
			name = Release;
		};
/* End XCBuildConfiguration section */

/* Begin XCConfigurationList section */
		FCC2B594195CAC9900FC83E4 /* Build configuration list for PBXProject "RandNumbers" */ = {
			isa = XCConfigurationList;
			buildConfigurations = (
				FCC2B5B6195CAC9900FC83E4 /* Debug */,
				FCC2B5B7195CAC9900FC83E4 /* Release */,
			);
			defaultConfigurationIsVisible = 0;
			defaultConfigurationName = Release;
		};
		FCC2B5B8195CAC9900FC83E4 /* Build configuration list for PBXNativeTarget "RandNumbers" */ = {
			isa = XCConfigurationList;
			buildConfigurations = (
				FCC2B5B9195CAC9900FC83E4 /* Debug */,
				FCC2B5BA195CAC9900FC83E4 /* Release */,
			);
			defaultConfigurationIsVisible = 0;
			defaultConfigurationName = Release;
		};
		FCC2B5BB195CAC9900FC83E4 /* Build configuration list for PBXNativeTarget "RandNumbersTests" */ = {
			isa = XCConfigurationList;
			buildConfigurations = (
				FCC2B5BC195CAC9900FC83E4 /* Debug */,
				FCC2B5BD195CAC9900FC83E4 /* Release */,
			);
			defaultConfigurationIsVisible = 0;
			defaultConfigurationName = Release;
		};
/* End XCConfigurationList section */

/* Begin XCVersionGroup section */
		FCC2B5A0195CAC9900FC83E4 /* Numbers.xcdatamodeld */ = {
			isa = XCVersionGroup;
			children = (
				FCC2B5A1195CAC9900FC83E4 /* Numbers.xcdatamodel */,
			);
			currentVersion = FCC2B5A1195CAC9900FC83E4 /* Numbers.xcdatamodel */;
			path = Numbers.xcdatamodeld;
			sourceTree = "<group>";
			versionGroupType = wrapper.xcdatamodel;
		};
/* End XCVersionGroup section */
	};
	rootObject = FCC2B591195CAC9900FC83E4 /* Project object */;
}
