// !$*UTF8*$!
{
	archiveVersion = 1;
	classes = {
	};
	objectVersion = 46;
	objects = {

/* Begin PBXBuildFile section */
		BFB687CB196C096800F34637 /* beep-02.wav in Resources */ = {isa = PBXBuildFile; fileRef = BFB687CA196C096800F34637 /* beep-02.wav */; };
		BFF4F22E196C391C000D3A63 /* button-4.wav in Resources */ = {isa = PBXBuildFile; fileRef = BFF4F22D196C391C000D3A63 /* button-4.wav */; };
		BFF6BB18196C459200118366 /* WahWah.wav in Resources */ = {isa = PBXBuildFile; fileRef = BFF6BB17196C459200118366 /* WahWah.wav */; };
		FC40150F1974612000B21748 /* Parse.framework in Frameworks */ = {isa = PBXBuildFile; fileRef = FC40150E1974612000B21748 /* Parse.framework */; };
		FC4015111974616B00B21748 /* AudioToolbox.framework in Frameworks */ = {isa = PBXBuildFile; fileRef = FC4015101974616B00B21748 /* AudioToolbox.framework */; };
		FC4015131974617300B21748 /* CFNetwork.framework in Frameworks */ = {isa = PBXBuildFile; fileRef = FC4015121974617300B21748 /* CFNetwork.framework */; };
		FC4015151974617E00B21748 /* CoreGraphics.framework in Frameworks */ = {isa = PBXBuildFile; fileRef = FC4015141974617E00B21748 /* CoreGraphics.framework */; };
		FC4015171974618C00B21748 /* CoreLocation.framework in Frameworks */ = {isa = PBXBuildFile; fileRef = FC4015161974618C00B21748 /* CoreLocation.framework */; };
		FC4015191974619A00B21748 /* libz.dylib in Frameworks */ = {isa = PBXBuildFile; fileRef = FC4015181974619A00B21748 /* libz.dylib */; };
		FC40151B197461A300B21748 /* MobileCoreServices.framework in Frameworks */ = {isa = PBXBuildFile; fileRef = FC40151A197461A300B21748 /* MobileCoreServices.framework */; };
		FC40151D197461AD00B21748 /* QuartzCore.framework in Frameworks */ = {isa = PBXBuildFile; fileRef = FC40151C197461AD00B21748 /* QuartzCore.framework */; };
		FC40151F197461B700B21748 /* Security.framework in Frameworks */ = {isa = PBXBuildFile; fileRef = FC40151E197461B700B21748 /* Security.framework */; };
		FC401521197461C000B21748 /* StoreKit.framework in Frameworks */ = {isa = PBXBuildFile; fileRef = FC401520197461C000B21748 /* StoreKit.framework */; };
		FC401523197461CC00B21748 /* SystemConfiguration.framework in Frameworks */ = {isa = PBXBuildFile; fileRef = FC401522197461CC00B21748 /* SystemConfiguration.framework */; };
		FCAF38FB196B569300AAB0B1 /* facebook.png in Resources */ = {isa = PBXBuildFile; fileRef = FCAF38F9196B569300AAB0B1 /* facebook.png */; };
		FCAF38FC196B569300AAB0B1 /* twitter.png in Resources */ = {isa = PBXBuildFile; fileRef = FCAF38FA196B569300AAB0B1 /* twitter.png */; };
		FCAF38FE196B57F800AAB0B1 /* sound.png in Resources */ = {isa = PBXBuildFile; fileRef = FCAF38FD196B57F800AAB0B1 /* sound.png */; };
		FCAF3900196B58A200AAB0B1 /* back.png in Resources */ = {isa = PBXBuildFile; fileRef = FCAF38FF196B58A200AAB0B1 /* back.png */; };
		FCAF3902196B59B800AAB0B1 /* blending_polygon_shapes.jpg in Resources */ = {isa = PBXBuildFile; fileRef = FCAF3901196B59B800AAB0B1 /* blending_polygon_shapes.jpg */; };
		FCB26139195CC4C5003C6DB5 /* media-playback-pause-2.png in Resources */ = {isa = PBXBuildFile; fileRef = FCB26138195CC4C5003C6DB5 /* media-playback-pause-2.png */; };
		FCC2B59F195CAC9900FC83E4 /* AppDelegate.swift in Sources */ = {isa = PBXBuildFile; fileRef = FCC2B59E195CAC9900FC83E4 /* AppDelegate.swift */; };
		FCC2B5A2195CAC9900FC83E4 /* Numbers.xcdatamodeld in Sources */ = {isa = PBXBuildFile; fileRef = FCC2B5A0195CAC9900FC83E4 /* Numbers.xcdatamodeld */; };
		FCC2B5A4195CAC9900FC83E4 /* ViewController.swift in Sources */ = {isa = PBXBuildFile; fileRef = FCC2B5A3195CAC9900FC83E4 /* ViewController.swift */; };
		FCC2B5A7195CAC9900FC83E4 /* Main.storyboard in Resources */ = {isa = PBXBuildFile; fileRef = FCC2B5A5195CAC9900FC83E4 /* Main.storyboard */; };
		FCC2B5A9195CAC9900FC83E4 /* Images.xcassets in Resources */ = {isa = PBXBuildFile; fileRef = FCC2B5A8195CAC9900FC83E4 /* Images.xcassets */; };
		FCC2B5B5195CAC9900FC83E4 /* NumbersTests.swift in Sources */ = {isa = PBXBuildFile; fileRef = FCC2B5B4195CAC9900FC83E4 /* NumbersTests.swift */; };
		FCC2B5BF195CAE0A00FC83E4 /* GameViewController.swift in Sources */ = {isa = PBXBuildFile; fileRef = FCC2B5BE195CAE0A00FC83E4 /* GameViewController.swift */; };
		FCC2B5C1195CAE8E00FC83E4 /* OptionsViewController.swift in Sources */ = {isa = PBXBuildFile; fileRef = FCC2B5C0195CAE8E00FC83E4 /* OptionsViewController.swift */; };
/* End PBXBuildFile section */

/* Begin PBXContainerItemProxy section */
		FCC2B5AF195CAC9900FC83E4 /* PBXContainerItemProxy */ = {
			isa = PBXContainerItemProxy;
			containerPortal = FCC2B591195CAC9900FC83E4 /* Project object */;
			proxyType = 1;
			remoteGlobalIDString = FCC2B598195CAC9900FC83E4;
			remoteInfo = Numbers;
		};
/* End PBXContainerItemProxy section */

/* Begin PBXFileReference section */
		BFB687CA196C096800F34637 /* beep-02.wav */ = {isa = PBXFileReference; lastKnownFileType = audio.wav; path = "beep-02.wav"; sourceTree = "<group>"; };
		BFF4F22D196C391C000D3A63 /* button-4.wav */ = {isa = PBXFileReference; lastKnownFileType = audio.wav; path = "button-4.wav"; sourceTree = "<group>"; };
		BFF6BB17196C459200118366 /* WahWah.wav */ = {isa = PBXFileReference; lastKnownFileType = audio.wav; path = WahWah.wav; sourceTree = "<group>"; };
		FC40150E1974612000B21748 /* Parse.framework */ = {isa = PBXFileReference; lastKnownFileType = wrapper.framework; path = Parse.framework; sourceTree = "<group>"; };
		FC4015101974616B00B21748 /* AudioToolbox.framework */ = {isa = PBXFileReference; lastKnownFileType = wrapper.framework; name = AudioToolbox.framework; path = System/Library/Frameworks/AudioToolbox.framework; sourceTree = SDKROOT; };
		FC4015121974617300B21748 /* CFNetwork.framework */ = {isa = PBXFileReference; lastKnownFileType = wrapper.framework; name = CFNetwork.framework; path = System/Library/Frameworks/CFNetwork.framework; sourceTree = SDKROOT; };
		FC4015141974617E00B21748 /* CoreGraphics.framework */ = {isa = PBXFileReference; lastKnownFileType = wrapper.framework; name = CoreGraphics.framework; path = System/Library/Frameworks/CoreGraphics.framework; sourceTree = SDKROOT; };
		FC4015161974618C00B21748 /* CoreLocation.framework */ = {isa = PBXFileReference; lastKnownFileType = wrapper.framework; name = CoreLocation.framework; path = System/Library/Frameworks/CoreLocation.framework; sourceTree = SDKROOT; };
		FC4015181974619A00B21748 /* libz.dylib */ = {isa = PBXFileReference; lastKnownFileType = "compiled.mach-o.dylib"; name = libz.dylib; path = usr/lib/libz.dylib; sourceTree = SDKROOT; };
		FC40151A197461A300B21748 /* MobileCoreServices.framework */ = {isa = PBXFileReference; lastKnownFileType = wrapper.framework; name = MobileCoreServices.framework; path = System/Library/Frameworks/MobileCoreServices.framework; sourceTree = SDKROOT; };
		FC40151C197461AD00B21748 /* QuartzCore.framework */ = {isa = PBXFileReference; lastKnownFileType = wrapper.framework; name = QuartzCore.framework; path = System/Library/Frameworks/QuartzCore.framework; sourceTree = SDKROOT; };
		FC40151E197461B700B21748 /* Security.framework */ = {isa = PBXFileReference; lastKnownFileType = wrapper.framework; name = Security.framework; path = System/Library/Frameworks/Security.framework; sourceTree = SDKROOT; };
		FC401520197461C000B21748 /* StoreKit.framework */ = {isa = PBXFileReference; lastKnownFileType = wrapper.framework; name = StoreKit.framework; path = System/Library/Frameworks/StoreKit.framework; sourceTree = SDKROOT; };
		FC401522197461CC00B21748 /* SystemConfiguration.framework */ = {isa = PBXFileReference; lastKnownFileType = wrapper.framework; name = SystemConfiguration.framework; path = System/Library/Frameworks/SystemConfiguration.framework; sourceTree = SDKROOT; };
		FC401525197462AF00B21748 /* Numbers-Bridging-Header.h */ = {isa = PBXFileReference; lastKnownFileType = sourcecode.c.h; path = "Numbers-Bridging-Header.h"; sourceTree = "<group>"; };
		FCAF38F9196B569300AAB0B1 /* facebook.png */ = {isa = PBXFileReference; lastKnownFileType = image.png; name = facebook.png; path = Images/facebook.png; sourceTree = "<group>"; };
		FCAF38FA196B569300AAB0B1 /* twitter.png */ = {isa = PBXFileReference; lastKnownFileType = image.png; name = twitter.png; path = Images/twitter.png; sourceTree = "<group>"; };
		FCAF38FD196B57F800AAB0B1 /* sound.png */ = {isa = PBXFileReference; lastKnownFileType = image.png; name = sound.png; path = Images/sound.png; sourceTree = "<group>"; };
		FCAF38FF196B58A200AAB0B1 /* back.png */ = {isa = PBXFileReference; lastKnownFileType = image.png; name = back.png; path = Images/back.png; sourceTree = "<group>"; };
		FCAF3901196B59B800AAB0B1 /* blending_polygon_shapes.jpg */ = {isa = PBXFileReference; lastKnownFileType = image.jpeg; name = blending_polygon_shapes.jpg; path = Images/blending_polygon_shapes.jpg; sourceTree = "<group>"; };
		FCB26138195CC4C5003C6DB5 /* media-playback-pause-2.png */ = {isa = PBXFileReference; lastKnownFileType = image.png; name = "media-playback-pause-2.png"; path = "Images/media-playback-pause-2.png"; sourceTree = "<group>"; };
		FCC2B599195CAC9900FC83E4 /* Numbers.app */ = {isa = PBXFileReference; explicitFileType = wrapper.application; includeInIndex = 0; path = Numbers.app; sourceTree = BUILT_PRODUCTS_DIR; };
		FCC2B59D195CAC9900FC83E4 /* Info.plist */ = {isa = PBXFileReference; lastKnownFileType = text.plist.xml; path = Info.plist; sourceTree = "<group>"; };
		FCC2B59E195CAC9900FC83E4 /* AppDelegate.swift */ = {isa = PBXFileReference; lastKnownFileType = sourcecode.swift; path = AppDelegate.swift; sourceTree = "<group>"; };
		FCC2B5A1195CAC9900FC83E4 /* Numbers.xcdatamodel */ = {isa = PBXFileReference; lastKnownFileType = wrapper.xcdatamodel; path = Numbers.xcdatamodel; sourceTree = "<group>"; };
		FCC2B5A3195CAC9900FC83E4 /* ViewController.swift */ = {isa = PBXFileReference; lastKnownFileType = sourcecode.swift; path = ViewController.swift; sourceTree = "<group>"; };
		FCC2B5A6195CAC9900FC83E4 /* Base */ = {isa = PBXFileReference; lastKnownFileType = file.storyboard; name = Base; path = Base.lproj/Main.storyboard; sourceTree = "<group>"; };
		FCC2B5A8195CAC9900FC83E4 /* Images.xcassets */ = {isa = PBXFileReference; lastKnownFileType = folder.assetcatalog; path = Images.xcassets; sourceTree = "<group>"; };
		FCC2B5AE195CAC9900FC83E4 /* NumbersTests.xctest */ = {isa = PBXFileReference; explicitFileType = wrapper.cfbundle; includeInIndex = 0; path = NumbersTests.xctest; sourceTree = BUILT_PRODUCTS_DIR; };
		FCC2B5B3195CAC9900FC83E4 /* Info.plist */ = {isa = PBXFileReference; lastKnownFileType = text.plist.xml; path = Info.plist; sourceTree = "<group>"; };
		FCC2B5B4195CAC9900FC83E4 /* NumbersTests.swift */ = {isa = PBXFileReference; lastKnownFileType = sourcecode.swift; path = NumbersTests.swift; sourceTree = "<group>"; };
		FCC2B5BE195CAE0A00FC83E4 /* GameViewController.swift */ = {isa = PBXFileReference; fileEncoding = 4; lastKnownFileType = sourcecode.swift; path = GameViewController.swift; sourceTree = "<group>"; };
		FCC2B5C0195CAE8E00FC83E4 /* OptionsViewController.swift */ = {isa = PBXFileReference; fileEncoding = 4; lastKnownFileType = sourcecode.swift; path = OptionsViewController.swift; sourceTree = "<group>"; };
/* End PBXFileReference section */

/* Begin PBXFrameworksBuildPhase section */
		FCC2B596195CAC9900FC83E4 /* Frameworks */ = {
			isa = PBXFrameworksBuildPhase;
			buildActionMask = 2147483647;
			files = (
				FC401523197461CC00B21748 /* SystemConfiguration.framework in Frameworks */,
				FC401521197461C000B21748 /* StoreKit.framework in Frameworks */,
				FC40151F197461B700B21748 /* Security.framework in Frameworks */,
				FC40151D197461AD00B21748 /* QuartzCore.framework in Frameworks */,
				FC40151B197461A300B21748 /* MobileCoreServices.framework in Frameworks */,
				FC4015191974619A00B21748 /* libz.dylib in Frameworks */,
				FC4015171974618C00B21748 /* CoreLocation.framework in Frameworks */,
				FC4015151974617E00B21748 /* CoreGraphics.framework in Frameworks */,
				FC4015131974617300B21748 /* CFNetwork.framework in Frameworks */,
				FC4015111974616B00B21748 /* AudioToolbox.framework in Frameworks */,
				FC40150F1974612000B21748 /* Parse.framework in Frameworks */,
			);
			runOnlyForDeploymentPostprocessing = 0;
		};
		FCC2B5AB195CAC9900FC83E4 /* Frameworks */ = {
			isa = PBXFrameworksBuildPhase;
			buildActionMask = 2147483647;
			files = (
			);
			runOnlyForDeploymentPostprocessing = 0;
		};
/* End PBXFrameworksBuildPhase section */

/* Begin PBXGroup section */
		FC401524197461E500B21748 /* Frameworks */ = {
			isa = PBXGroup;
			children = (
				FC401522197461CC00B21748 /* SystemConfiguration.framework */,
				FC401520197461C000B21748 /* StoreKit.framework */,
				FC40151E197461B700B21748 /* Security.framework */,
				FC40151C197461AD00B21748 /* QuartzCore.framework */,
				FC40151A197461A300B21748 /* MobileCoreServices.framework */,
				FC4015181974619A00B21748 /* libz.dylib */,
				FC4015161974618C00B21748 /* CoreLocation.framework */,
				FC4015141974617E00B21748 /* CoreGraphics.framework */,
				FC4015121974617300B21748 /* CFNetwork.framework */,
				FC4015101974616B00B21748 /* AudioToolbox.framework */,
				FC40150E1974612000B21748 /* Parse.framework */,
			);
			name = Frameworks;
			sourceTree = "<group>";
		};
		FCB26135195CC2E9003C6DB5 /* Images */ = {
			isa = PBXGroup;
			children = (
				FCAF38FF196B58A200AAB0B1 /* back.png */,
				FCAF3901196B59B800AAB0B1 /* blending_polygon_shapes.jpg */,
				FCAF38FD196B57F800AAB0B1 /* sound.png */,
				FCAF38FA196B569300AAB0B1 /* twitter.png */,
				FCAF38F9196B569300AAB0B1 /* facebook.png */,
				FCB26138195CC4C5003C6DB5 /* media-playback-pause-2.png */,
			);
			name = Images;
			sourceTree = "<group>";
		};
		FCC2B590195CAC9900FC83E4 = {
			isa = PBXGroup;
			children = (
				FC401524197461E500B21748 /* Frameworks */,
				FCC2B59B195CAC9900FC83E4 /* Numbers */,
				FCC2B5B1195CAC9900FC83E4 /* NumbersTests */,
				FCC2B59A195CAC9900FC83E4 /* Products */,
				FC401525197462AF00B21748 /* Numbers-Bridging-Header.h */,
			);
			sourceTree = "<group>";
		};
		FCC2B59A195CAC9900FC83E4 /* Products */ = {
			isa = PBXGroup;
			children = (
				FCC2B599195CAC9900FC83E4 /* Numbers.app */,
				FCC2B5AE195CAC9900FC83E4 /* NumbersTests.xctest */,
			);
			name = Products;
			sourceTree = "<group>";
		};
		FCC2B59B195CAC9900FC83E4 /* Numbers */ = {
			isa = PBXGroup;
			children = (
				FCC2B59E195CAC9900FC83E4 /* AppDelegate.swift */,
				FCC2B5A3195CAC9900FC83E4 /* ViewController.swift */,
				FCC2B5BE195CAE0A00FC83E4 /* GameViewController.swift */,
				FCC2B5C0195CAE8E00FC83E4 /* OptionsViewController.swift */,
				FCC2B5A5195CAC9900FC83E4 /* Main.storyboard */,
				FCB26135195CC2E9003C6DB5 /* Images */,
				FCC2B5A8195CAC9900FC83E4 /* Images.xcassets */,
				FCC2B5A0195CAC9900FC83E4 /* Numbers.xcdatamodeld */,
				FCC2B59C195CAC9900FC83E4 /* Supporting Files */,
			);
			path = Numbers;
			sourceTree = "<group>";
		};
		FCC2B59C195CAC9900FC83E4 /* Supporting Files */ = {
			isa = PBXGroup;
			children = (
				BFF6BB17196C459200118366 /* WahWah.wav */,
				BFB687CA196C096800F34637 /* beep-02.wav */,
				BFF4F22D196C391C000D3A63 /* button-4.wav */,
				FCC2B59D195CAC9900FC83E4 /* Info.plist */,
			);
			name = "Supporting Files";
			sourceTree = "<group>";
		};
		FCC2B5B1195CAC9900FC83E4 /* NumbersTests */ = {
			isa = PBXGroup;
			children = (
				FCC2B5B4195CAC9900FC83E4 /* NumbersTests.swift */,
				FCC2B5B2195CAC9900FC83E4 /* Supporting Files */,
			);
			path = NumbersTests;
			sourceTree = "<group>";
		};
		FCC2B5B2195CAC9900FC83E4 /* Supporting Files */ = {
			isa = PBXGroup;
			children = (
				FCC2B5B3195CAC9900FC83E4 /* Info.plist */,
			);
			name = "Supporting Files";
			sourceTree = "<group>";
		};
/* End PBXGroup section */

/* Begin PBXNativeTarget section */
		FCC2B598195CAC9900FC83E4 /* Numbers */ = {
			isa = PBXNativeTarget;
			buildConfigurationList = FCC2B5B8195CAC9900FC83E4 /* Build configuration list for PBXNativeTarget "Numbers" */;
			buildPhases = (
				FCC2B595195CAC9900FC83E4 /* Sources */,
				FCC2B596195CAC9900FC83E4 /* Frameworks */,
				FCC2B597195CAC9900FC83E4 /* Resources */,
			);
			buildRules = (
			);
			dependencies = (
			);
			name = Numbers;
			productName = Numbers;
			productReference = FCC2B599195CAC9900FC83E4 /* Numbers.app */;
			productType = "com.apple.product-type.application";
		};
		FCC2B5AD195CAC9900FC83E4 /* NumbersTests */ = {
			isa = PBXNativeTarget;
			buildConfigurationList = FCC2B5BB195CAC9900FC83E4 /* Build configuration list for PBXNativeTarget "NumbersTests" */;
			buildPhases = (
				FCC2B5AA195CAC9900FC83E4 /* Sources */,
				FCC2B5AB195CAC9900FC83E4 /* Frameworks */,
				FCC2B5AC195CAC9900FC83E4 /* Resources */,
			);
			buildRules = (
			);
			dependencies = (
				FCC2B5B0195CAC9900FC83E4 /* PBXTargetDependency */,
			);
			name = NumbersTests;
			productName = NumbersTests;
			productReference = FCC2B5AE195CAC9900FC83E4 /* NumbersTests.xctest */;
			productType = "com.apple.product-type.bundle.unit-test";
		};
/* End PBXNativeTarget section */

/* Begin PBXProject section */
		FCC2B591195CAC9900FC83E4 /* Project object */ = {
			isa = PBXProject;
			attributes = {
				LastUpgradeCheck = 0600;
				ORGANIZATIONNAME = "Gustavo Arthur da Costa";
				TargetAttributes = {
					FCC2B598195CAC9900FC83E4 = {
						CreatedOnToolsVersion = 6.0;
					};
					FCC2B5AD195CAC9900FC83E4 = {
						CreatedOnToolsVersion = 6.0;
						TestTargetID = FCC2B598195CAC9900FC83E4;
					};
				};
			};
			buildConfigurationList = FCC2B594195CAC9900FC83E4 /* Build configuration list for PBXProject "Numbers" */;
			compatibilityVersion = "Xcode 3.2";
			developmentRegion = English;
			hasScannedForEncodings = 0;
			knownRegions = (
				en,
				Base,
			);
			mainGroup = FCC2B590195CAC9900FC83E4;
			productRefGroup = FCC2B59A195CAC9900FC83E4 /* Products */;
			projectDirPath = "";
			projectRoot = "";
			targets = (
				FCC2B598195CAC9900FC83E4 /* Numbers */,
				FCC2B5AD195CAC9900FC83E4 /* NumbersTests */,
			);
		};
/* End PBXProject section */

/* Begin PBXResourcesBuildPhase section */
		FCC2B597195CAC9900FC83E4 /* Resources */ = {
			isa = PBXResourcesBuildPhase;
			buildActionMask = 2147483647;
			files = (
				FCC2B5A7195CAC9900FC83E4 /* Main.storyboard in Resources */,
				FCAF38FE196B57F800AAB0B1 /* sound.png in Resources */,
				BFF6BB18196C459200118366 /* WahWah.wav in Resources */,
				FCAF38FB196B569300AAB0B1 /* facebook.png in Resources */,
				FCAF38FC196B569300AAB0B1 /* twitter.png in Resources */,
				FCAF3900196B58A200AAB0B1 /* back.png in Resources */,
				FCC2B5A9195CAC9900FC83E4 /* Images.xcassets in Resources */,
				FCB26139195CC4C5003C6DB5 /* media-playback-pause-2.png in Resources */,
				BFB687CB196C096800F34637 /* beep-02.wav in Resources */,
				FCAF3902196B59B800AAB0B1 /* blending_polygon_shapes.jpg in Resources */,
				BFF4F22E196C391C000D3A63 /* button-4.wav in Resources */,
			);
			runOnlyForDeploymentPostprocessing = 0;
		};
		FCC2B5AC195CAC9900FC83E4 /* Resources */ = {
			isa = PBXResourcesBuildPhase;
			buildActionMask = 2147483647;
			files = (
			);
			runOnlyForDeploymentPostprocessing = 0;
		};
/* End PBXResourcesBuildPhase section */

/* Begin PBXSourcesBuildPhase section */
		FCC2B595195CAC9900FC83E4 /* Sources */ = {
			isa = PBXSourcesBuildPhase;
			buildActionMask = 2147483647;
			files = (
				FCC2B5BF195CAE0A00FC83E4 /* GameViewController.swift in Sources */,
				FCC2B5A4195CAC9900FC83E4 /* ViewController.swift in Sources */,
				FCC2B5A2195CAC9900FC83E4 /* Numbers.xcdatamodeld in Sources */,
				FCC2B59F195CAC9900FC83E4 /* AppDelegate.swift in Sources */,
				FCC2B5C1195CAE8E00FC83E4 /* OptionsViewController.swift in Sources */,
			);
			runOnlyForDeploymentPostprocessing = 0;
		};
		FCC2B5AA195CAC9900FC83E4 /* Sources */ = {
			isa = PBXSourcesBuildPhase;
			buildActionMask = 2147483647;
			files = (
				FCC2B5B5195CAC9900FC83E4 /* NumbersTests.swift in Sources */,
			);
			runOnlyForDeploymentPostprocessing = 0;
		};
/* End PBXSourcesBuildPhase section */

/* Begin PBXTargetDependency section */
		FCC2B5B0195CAC9900FC83E4 /* PBXTargetDependency */ = {
			isa = PBXTargetDependency;
			target = FCC2B598195CAC9900FC83E4 /* Numbers */;
			targetProxy = FCC2B5AF195CAC9900FC83E4 /* PBXContainerItemProxy */;
		};
/* End PBXTargetDependency section */

/* Begin PBXVariantGroup section */
		FCC2B5A5195CAC9900FC83E4 /* Main.storyboard */ = {
			isa = PBXVariantGroup;
			children = (
				FCC2B5A6195CAC9900FC83E4 /* Base */,
			);
			name = Main.storyboard;
			sourceTree = "<group>";
		};
/* End PBXVariantGroup section */

/* Begin XCBuildConfiguration section */
		FCC2B5B6195CAC9900FC83E4 /* Debug */ = {
			isa = XCBuildConfiguration;
			buildSettings = {
				ALWAYS_SEARCH_USER_PATHS = NO;
				CLANG_CXX_LANGUAGE_STANDARD = "gnu++0x";
				CLANG_CXX_LIBRARY = "libc++";
				CLANG_ENABLE_MODULES = YES;
				CLANG_ENABLE_OBJC_ARC = YES;
				CLANG_WARN_BOOL_CONVERSION = YES;
				CLANG_WARN_CONSTANT_CONVERSION = YES;
				CLANG_WARN_DIRECT_OBJC_ISA_USAGE = YES_ERROR;
				CLANG_WARN_EMPTY_BODY = YES;
				CLANG_WARN_ENUM_CONVERSION = YES;
				CLANG_WARN_INT_CONVERSION = YES;
				CLANG_WARN_OBJC_ROOT_CLASS = YES_ERROR;
				CLANG_WARN_UNREACHABLE_CODE = YES;
				CLANG_WARN__DUPLICATE_METHOD_MATCH = YES;
				"CODE_SIGN_IDENTITY[sdk=iphoneos*]" = "iPhone Developer";
				COPY_PHASE_STRIP = NO;
				ENABLE_STRICT_OBJC_MSGSEND = YES;
				GCC_C_LANGUAGE_STANDARD = gnu99;
				GCC_DYNAMIC_NO_PIC = NO;
				GCC_OPTIMIZATION_LEVEL = 0;
				GCC_PREPROCESSOR_DEFINITIONS = (
					"DEBUG=1",
					"$(inherited)",
				);
				GCC_SYMBOLS_PRIVATE_EXTERN = NO;
				GCC_WARN_64_TO_32_BIT_CONVERSION = YES;
				GCC_WARN_ABOUT_RETURN_TYPE = YES_ERROR;
				GCC_WARN_UNDECLARED_SELECTOR = YES;
				GCC_WARN_UNINITIALIZED_AUTOS = YES_AGGRESSIVE;
				GCC_WARN_UNUSED_FUNCTION = YES;
				GCC_WARN_UNUSED_VARIABLE = YES;
				IPHONEOS_DEPLOYMENT_TARGET = 8.0;
				METAL_ENABLE_DEBUG_INFO = YES;
				ONLY_ACTIVE_ARCH = YES;
				SDKROOT = iphoneos;
				SWIFT_OPTIMIZATION_LEVEL = "-Onone";
			};
			name = Debug;
		};
		FCC2B5B7195CAC9900FC83E4 /* Release */ = {
			isa = XCBuildConfiguration;
			buildSettings = {
				ALWAYS_SEARCH_USER_PATHS = NO;
				CLANG_CXX_LANGUAGE_STANDARD = "gnu++0x";
				CLANG_CXX_LIBRARY = "libc++";
				CLANG_ENABLE_MODULES = YES;
				CLANG_ENABLE_OBJC_ARC = YES;
				CLANG_WARN_BOOL_CONVERSION = YES;
				CLANG_WARN_CONSTANT_CONVERSION = YES;
				CLANG_WARN_DIRECT_OBJC_ISA_USAGE = YES_ERROR;
				CLANG_WARN_EMPTY_BODY = YES;
				CLANG_WARN_ENUM_CONVERSION = YES;
				CLANG_WARN_INT_CONVERSION = YES;
				CLANG_WARN_OBJC_ROOT_CLASS = YES_ERROR;
				CLANG_WARN_UNREACHABLE_CODE = YES;
				CLANG_WARN__DUPLICATE_METHOD_MATCH = YES;
				"CODE_SIGN_IDENTITY[sdk=iphoneos*]" = "iPhone Developer";
				COPY_PHASE_STRIP = YES;
				ENABLE_NS_ASSERTIONS = NO;
				ENABLE_STRICT_OBJC_MSGSEND = YES;
				GCC_C_LANGUAGE_STANDARD = gnu99;
				GCC_WARN_64_TO_32_BIT_CONVERSION = YES;
				GCC_WARN_ABOUT_RETURN_TYPE = YES_ERROR;
				GCC_WARN_UNDECLARED_SELECTOR = YES;
				GCC_WARN_UNINITIALIZED_AUTOS = YES_AGGRESSIVE;
				GCC_WARN_UNUSED_FUNCTION = YES;
				GCC_WARN_UNUSED_VARIABLE = YES;
				IPHONEOS_DEPLOYMENT_TARGET = 8.0;
				METAL_ENABLE_DEBUG_INFO = NO;
				SDKROOT = iphoneos;
				VALIDATE_PRODUCT = YES;
			};
			name = Release;
		};
		FCC2B5B9195CAC9900FC83E4 /* Debug */ = {
			isa = XCBuildConfiguration;
			buildSettings = {
				ASSETCATALOG_COMPILER_APPICON_NAME = AppIcon;
				ASSETCATALOG_COMPILER_LAUNCHIMAGE_NAME = LaunchImage;
				CLANG_ENABLE_MODULES = YES;
				FRAMEWORK_SEARCH_PATHS = (
					"$(inherited)",
					"$(PROJECT_DIR)",
				);
				INFOPLIST_FILE = Numbers/Info.plist;
				LD_RUNPATH_SEARCH_PATHS = "$(inherited) @executable_path/Frameworks";
				PRODUCT_NAME = "$(TARGET_NAME)";
				SWIFT_OBJC_BRIDGING_HEADER = "Numbers-Bridging-Header.h";
				SWIFT_OPTIMIZATION_LEVEL = "-Onone";
			};
			name = Debug;
		};
		FCC2B5BA195CAC9900FC83E4 /* Release */ = {
			isa = XCBuildConfiguration;
			buildSettings = {
				ASSETCATALOG_COMPILER_APPICON_NAME = AppIcon;
				ASSETCATALOG_COMPILER_LAUNCHIMAGE_NAME = LaunchImage;
				CLANG_ENABLE_MODULES = YES;
				FRAMEWORK_SEARCH_PATHS = (
					"$(inherited)",
					"$(PROJECT_DIR)",
				);
				INFOPLIST_FILE = Numbers/Info.plist;
				LD_RUNPATH_SEARCH_PATHS = "$(inherited) @executable_path/Frameworks";
				PRODUCT_NAME = "$(TARGET_NAME)";
				SWIFT_OBJC_BRIDGING_HEADER = "Numbers-Bridging-Header.h";
			};
			name = Release;
		};
		FCC2B5BC195CAC9900FC83E4 /* Debug */ = {
			isa = XCBuildConfiguration;
			buildSettings = {
				BUNDLE_LOADER = "$(BUILT_PRODUCTS_DIR)/Numbers.app/Numbers";
				FRAMEWORK_SEARCH_PATHS = (
					"$(SDKROOT)/Developer/Library/Frameworks",
					"$(inherited)",
				);
				GCC_PREPROCESSOR_DEFINITIONS = (
					"DEBUG=1",
					"$(inherited)",
				);
				INFOPLIST_FILE = NumbersTests/Info.plist;
				LD_RUNPATH_SEARCH_PATHS = "$(inherited) @executable_path/Frameworks @loader_path/Frameworks";
				METAL_ENABLE_DEBUG_INFO = YES;
				PRODUCT_NAME = "$(TARGET_NAME)";
				TEST_HOST = "$(BUNDLE_LOADER)";
			};
			name = Debug;
		};
		FCC2B5BD195CAC9900FC83E4 /* Release */ = {
			isa = XCBuildConfiguration;
			buildSettings = {
				BUNDLE_LOADER = "$(BUILT_PRODUCTS_DIR)/Numbers.app/Numbers";
				FRAMEWORK_SEARCH_PATHS = (
					"$(SDKROOT)/Developer/Library/Frameworks",
					"$(inherited)",
				);
				INFOPLIST_FILE = NumbersTests/Info.plist;
				LD_RUNPATH_SEARCH_PATHS = "$(inherited) @executable_path/Frameworks @loader_path/Frameworks";
				METAL_ENABLE_DEBUG_INFO = NO;
				PRODUCT_NAME = "$(TARGET_NAME)";
				TEST_HOST = "$(BUNDLE_LOADER)";
			};
			name = Release;
		};
/* End XCBuildConfiguration section */

/* Begin XCConfigurationList section */
		FCC2B594195CAC9900FC83E4 /* Build configuration list for PBXProject "Numbers" */ = {
			isa = XCConfigurationList;
			buildConfigurations = (
				FCC2B5B6195CAC9900FC83E4 /* Debug */,
				FCC2B5B7195CAC9900FC83E4 /* Release */,
			);
			defaultConfigurationIsVisible = 0;
			defaultConfigurationName = Release;
		};
		FCC2B5B8195CAC9900FC83E4 /* Build configuration list for PBXNativeTarget "Numbers" */ = {
			isa = XCConfigurationList;
			buildConfigurations = (
				FCC2B5B9195CAC9900FC83E4 /* Debug */,
				FCC2B5BA195CAC9900FC83E4 /* Release */,
			);
			defaultConfigurationIsVisible = 0;
			defaultConfigurationName = Release;
		};
		FCC2B5BB195CAC9900FC83E4 /* Build configuration list for PBXNativeTarget "NumbersTests" */ = {
			isa = XCConfigurationList;
			buildConfigurations = (
				FCC2B5BC195CAC9900FC83E4 /* Debug */,
				FCC2B5BD195CAC9900FC83E4 /* Release */,
			);
			defaultConfigurationIsVisible = 0;
			defaultConfigurationName = Release;
		};
/* End XCConfigurationList section */

/* Begin XCVersionGroup section */
		FCC2B5A0195CAC9900FC83E4 /* Numbers.xcdatamodeld */ = {
			isa = XCVersionGroup;
			children = (
				FCC2B5A1195CAC9900FC83E4 /* Numbers.xcdatamodel */,
			);
			currentVersion = FCC2B5A1195CAC9900FC83E4 /* Numbers.xcdatamodel */;
			path = Numbers.xcdatamodeld;
			sourceTree = "<group>";
			versionGroupType = wrapper.xcdatamodel;
		};
/* End XCVersionGroup section */
	};
	rootObject = FCC2B591195CAC9900FC83E4 /* Project object */;
}
